
Microsoft Visual Studio Solution File, Format Version 12.00
# Visual Studio 14
VisualStudioVersion = 14.0.25420.1
MinimumVisualStudioVersion = 10.0.40219.1
Project("{FAE04EC0-301F-11D3-BF4B-00C04F79EFBC}") = "DES", "DES\DES.csproj", "{7E295BA1-7DDA-4D70-A351-5D0B37665223}"
EndProject
Project("{FAE04EC0-301F-11D3-BF4B-00C04F79EFBC}") = "RSA", "RSA\RSA.csproj", "{0077EA68-E457-4D59-B8B0-3AE7938CF781}"
EndProject
Global
	GlobalSection(SolutionConfigurationPlatforms) = preSolution
		Debug|Any CPU = Debug|Any CPU
		Release|Any CPU = Release|Any CPU
	EndGlobalSection
	GlobalSection(ProjectConfigurationPlatforms) = postSolution
		{7E295BA1-7DDA-4D70-A351-5D0B37665223}.Debug|Any CPU.ActiveCfg = Debug|Any CPU
		{7E295BA1-7DDA-4D70-A351-5D0B37665223}.Debug|Any CPU.Build.0 = Debug|Any CPU
		{7E295BA1-7DDA-4D70-A351-5D0B37665223}.Release|Any CPU.ActiveCfg = Release|Any CPU
		{7E295BA1-7DDA-4D70-A351-5D0B37665223}.Release|Any CPU.Build.0 = Release|Any CPU
		{0077EA68-E457-4D59-B8B0-3AE7938CF781}.Debug|Any CPU.ActiveCfg = Debug|Any CPU
		{0077EA68-E457-4D59-B8B0-3AE7938CF781}.Debug|Any CPU.Build.0 = Debug|Any CPU
		{0077EA68-E457-4D59-B8B0-3AE7938CF781}.Release|Any CPU.ActiveCfg = Release|Any CPU
		{0077EA68-E457-4D59-B8B0-3AE7938CF781}.Release|Any CPU.Build.0 = Release|Any CPU
	EndGlobalSection
	GlobalSection(SolutionProperties) = preSolution
		HideSolutionNode = FALSE
	EndGlobalSection
EndGlobal
